
Microsoft Visual Studio Solution File, Format Version 12.00
# Visual Studio Version 16
VisualStudioVersion = 16.0.30503.244
MinimumVisualStudioVersion = 10.0.40219.1
Project("{9A19103F-16F7-4668-BE54-9A1E7A4F7556}") = "EdFi.Roster.Explorer", "EdFi.Roster.Explorer\EdFi.Roster.Explorer.csproj", "{9ED9BF65-CC4F-40D8-A7F5-0A6C84789ACE}"
EndProject
Project("{9A19103F-16F7-4668-BE54-9A1E7A4F7556}") = "EdFi.Roster.Services", "EdFi.Roster.Services\EdFi.Roster.Services.csproj", "{ED110C64-3163-41FC-AB15-50DFC9A4B8F9}"
EndProject
Project("{9A19103F-16F7-4668-BE54-9A1E7A4F7556}") = "EdFi.Roster.Models", "EdFi.Roster.Models\EdFi.Roster.Models.csproj", "{00506D24-8278-409A-A0CA-75A7715F341E}"
EndProject
Project("{9A19103F-16F7-4668-BE54-9A1E7A4F7556}") = "EdFi.Roster.Data", "EdFi.Roster.Data\EdFi.Roster.Data.csproj", "{53A519A1-015C-49C9-956B-164D8BDA50BB}"
EndProject
Project("{9A19103F-16F7-4668-BE54-9A1E7A4F7556}") = "EdFi.Roster.Sdk", "EdFi.Roster.Sdk\EdFi.Roster.Sdk.csproj", "{10FAC0AC-CF4D-4BB1-9F6F-E2754FA30EC1}"
EndProject
Project("{9A19103F-16F7-4668-BE54-9A1E7A4F7556}") = "EdFi.Roster.ChangeQueries", "EdFi.Roster.ChangeQueries\EdFi.Roster.ChangeQueries.csproj", "{77051F64-0D93-4E1E-9014-A3F54AAE291F}"
EndProject
Project("{9A19103F-16F7-4668-BE54-9A1E7A4F7556}") = "EdFi.Common", "EdFi.Common\EdFi.Common.csproj", "{AEBC8FF2-17C7-4AC5-B4A4-55B7A59870DF}"
EndProject
Global
	GlobalSection(SolutionConfigurationPlatforms) = preSolution
		Debug|Any CPU = Debug|Any CPU
		Release|Any CPU = Release|Any CPU
	EndGlobalSection
	GlobalSection(ProjectConfigurationPlatforms) = postSolution
		{9ED9BF65-CC4F-40D8-A7F5-0A6C84789ACE}.Debug|Any CPU.ActiveCfg = Debug|Any CPU
		{9ED9BF65-CC4F-40D8-A7F5-0A6C84789ACE}.Debug|Any CPU.Build.0 = Debug|Any CPU
		{9ED9BF65-CC4F-40D8-A7F5-0A6C84789ACE}.Release|Any CPU.ActiveCfg = Release|Any CPU
		{9ED9BF65-CC4F-40D8-A7F5-0A6C84789ACE}.Release|Any CPU.Build.0 = Release|Any CPU
		{ED110C64-3163-41FC-AB15-50DFC9A4B8F9}.Debug|Any CPU.ActiveCfg = Debug|Any CPU
		{ED110C64-3163-41FC-AB15-50DFC9A4B8F9}.Debug|Any CPU.Build.0 = Debug|Any CPU
		{ED110C64-3163-41FC-AB15-50DFC9A4B8F9}.Release|Any CPU.ActiveCfg = Release|Any CPU
		{ED110C64-3163-41FC-AB15-50DFC9A4B8F9}.Release|Any CPU.Build.0 = Release|Any CPU
		{00506D24-8278-409A-A0CA-75A7715F341E}.Debug|Any CPU.ActiveCfg = Debug|Any CPU
		{00506D24-8278-409A-A0CA-75A7715F341E}.Debug|Any CPU.Build.0 = Debug|Any CPU
		{00506D24-8278-409A-A0CA-75A7715F341E}.Release|Any CPU.ActiveCfg = Release|Any CPU
		{00506D24-8278-409A-A0CA-75A7715F341E}.Release|Any CPU.Build.0 = Release|Any CPU
		{53A519A1-015C-49C9-956B-164D8BDA50BB}.Debug|Any CPU.ActiveCfg = Debug|Any CPU
		{53A519A1-015C-49C9-956B-164D8BDA50BB}.Debug|Any CPU.Build.0 = Debug|Any CPU
		{53A519A1-015C-49C9-956B-164D8BDA50BB}.Release|Any CPU.ActiveCfg = Release|Any CPU
		{53A519A1-015C-49C9-956B-164D8BDA50BB}.Release|Any CPU.Build.0 = Release|Any CPU
		{10FAC0AC-CF4D-4BB1-9F6F-E2754FA30EC1}.Debug|Any CPU.ActiveCfg = Debug|Any CPU
		{10FAC0AC-CF4D-4BB1-9F6F-E2754FA30EC1}.Debug|Any CPU.Build.0 = Debug|Any CPU
		{10FAC0AC-CF4D-4BB1-9F6F-E2754FA30EC1}.Release|Any CPU.ActiveCfg = Release|Any CPU
		{10FAC0AC-CF4D-4BB1-9F6F-E2754FA30EC1}.Release|Any CPU.Build.0 = Release|Any CPU
		{77051F64-0D93-4E1E-9014-A3F54AAE291F}.Debug|Any CPU.ActiveCfg = Debug|Any CPU
		{77051F64-0D93-4E1E-9014-A3F54AAE291F}.Debug|Any CPU.Build.0 = Debug|Any CPU
		{77051F64-0D93-4E1E-9014-A3F54AAE291F}.Release|Any CPU.ActiveCfg = Release|Any CPU
		{77051F64-0D93-4E1E-9014-A3F54AAE291F}.Release|Any CPU.Build.0 = Release|Any CPU
		{AEBC8FF2-17C7-4AC5-B4A4-55B7A59870DF}.Debug|Any CPU.ActiveCfg = Debug|Any CPU
		{AEBC8FF2-17C7-4AC5-B4A4-55B7A59870DF}.Debug|Any CPU.Build.0 = Debug|Any CPU
		{AEBC8FF2-17C7-4AC5-B4A4-55B7A59870DF}.Release|Any CPU.ActiveCfg = Release|Any CPU
		{AEBC8FF2-17C7-4AC5-B4A4-55B7A59870DF}.Release|Any CPU.Build.0 = Release|Any CPU
	EndGlobalSection
	GlobalSection(SolutionProperties) = preSolution
		HideSolutionNode = FALSE
	EndGlobalSection
	GlobalSection(ExtensibilityGlobals) = postSolution
		SolutionGuid = {7AC29ADA-4BB3-4537-B363-D2EBFE27372F}
	EndGlobalSection
EndGlobal
